
Microsoft Visual Studio Solution File, Format Version 12.00
# Visual Studio Version 17
VisualStudioVersion = 17.5.002.0
MinimumVisualStudioVersion = 10.0.40219.1
Project("{9A19103F-16F7-4668-BE54-9A1E7A4F7556}") = "Exo.WebApi", "Exo.WebApi.csproj", "{E99B0472-0E22-4AF7-88F4-92C9A0B7F054}"
EndProject
Global
	GlobalSection(SolutionConfigurationPlatforms) = preSolution
		Debug|Any CPU = Debug|Any CPU
		Release|Any CPU = Release|Any CPU
	EndGlobalSection
	GlobalSection(ProjectConfigurationPlatforms) = postSolution
		{E99B0472-0E22-4AF7-88F4-92C9A0B7F054}.Debug|Any CPU.ActiveCfg = Debug|Any CPU
		{E99B0472-0E22-4AF7-88F4-92C9A0B7F054}.Debug|Any CPU.Build.0 = Debug|Any CPU
		{E99B0472-0E22-4AF7-88F4-92C9A0B7F054}.Release|Any CPU.ActiveCfg = Release|Any CPU
		{E99B0472-0E22-4AF7-88F4-92C9A0B7F054}.Release|Any CPU.Build.0 = Release|Any CPU
	EndGlobalSection
	GlobalSection(SolutionProperties) = preSolution
		HideSolutionNode = FALSE
	EndGlobalSection
	GlobalSection(ExtensibilityGlobals) = postSolution
		SolutionGuid = {0F0166F2-2BF9-48CC-945E-5843A96154BE}
	EndGlobalSection
EndGlobal
